<?xml version="1.0" encoding="UTF-8" standalone="yes" ?>
<CodeBlocks_project_file>
	<FileVersion major="1" minor="6" />
	<Project>
		<Option title="ConsoleRPG" />
		<Option pch_mode="2" />
		<Option compiler="clang" />
		<Build>
			<Target title="Debug">
				<Option output="bin/Debug/ConsoleRPG" prefix_auto="1" extension_auto="1" />
				<Option object_output="obj/Debug/" />
				<Option type="1" />
				<Option compiler="clang" />
				<Compiler>
					<Add option="-g" />
				</Compiler>
			</Target>
			<Target title="Release">
				<Option output="bin/Release/ConsoleRPG" prefix_auto="1" extension_auto="1" />
				<Option object_output="obj/Release/" />
				<Option type="1" />
				<Option compiler="clang" />
				<Compiler>
					<Add option="-O2" />
					<Add option="-std=c++20" />
					<Add directory="../Librerias/include" />
				</Compiler>
				<Linker>
					<Add option="-s" />
					<Add directory="../Librerias/lib" />
				</Linker>
			</Target>
		</Build>
		<Compiler>
			<Add option="-Wall" />
			<Add option="-fexceptions" />
			<Add directory="../Utilidades" />
			<Add directory="../Escribir" />
		</Compiler>
		<Linker>
			<Add library="../Utilidades/bin/Release/libUtilidades.a" />
			<Add library="../Escribir/bin/Release/libEscribir.a" />
			<Add directory="../Escribir/bin/Release" />
			<Add directory="../Utilidades/bin/Release" />
		</Linker>
		<Unit filename="aliados.cpp" />
		<Unit filename="cargar.cpp" />
		<Unit filename="combate.cpp" />
		<Unit filename="constantes.h" />
		<Unit filename="enemigos.cpp" />
		<Unit filename="estructuras.h" />
		<Unit filename="main.cpp" />
		<Unit filename="mapa.cpp" />
		<Unit filename="menus/mapa.cpp" />
		<Unit filename="menus/principal.cpp" />
		<Unit filename="partida.cpp" />
		<Extensions>
			<lib_finder disable_auto="1" />
		</Extensions>
	</Project>
</CodeBlocks_project_file>
